// !$*UTF8*$!
{
	archiveVersion = 1;
	classes = {
	};
	objectVersion = 55;
	objects = {

/* Begin PBXBuildFile section */
		63F60B7F27E4113F009357F0 /* Memorize_A2App.swift in Sources */ = {isa = PBXBuildFile; fileRef = 63F60B7E27E4113F009357F0 /* Memorize_A2App.swift */; };
		63F60B8127E4113F009357F0 /* EmojiMemoryGameView.swift in Sources */ = {isa = PBXBuildFile; fileRef = 63F60B8027E4113F009357F0 /* EmojiMemoryGameView.swift */; };
		63F60B8327E41140009357F0 /* Assets.xcassets in Resources */ = {isa = PBXBuildFile; fileRef = 63F60B8227E41140009357F0 /* Assets.xcassets */; };
		63F60B8627E41140009357F0 /* Preview Assets.xcassets in Resources */ = {isa = PBXBuildFile; fileRef = 63F60B8527E41140009357F0 /* Preview Assets.xcassets */; };
		63F60B8D27E411CD009357F0 /* AspectVGrid.swift in Sources */ = {isa = PBXBuildFile; fileRef = 63F60B8C27E411CD009357F0 /* AspectVGrid.swift */; };
		63F60B8F27E411E0009357F0 /* EmojiMemoryGame.swift in Sources */ = {isa = PBXBuildFile; fileRef = 63F60B8E27E411E0009357F0 /* EmojiMemoryGame.swift */; };
		63F60B9127E411F4009357F0 /* MemoryGame.swift in Sources */ = {isa = PBXBuildFile; fileRef = 63F60B9027E411F4009357F0 /* MemoryGame.swift */; };
		63F60B9327E41206009357F0 /* Pie.swift in Sources */ = {isa = PBXBuildFile; fileRef = 63F60B9227E41206009357F0 /* Pie.swift */; };
		63F60B9527E417EA009357F0 /* EmojiMemoryGameTheme.swift in Sources */ = {isa = PBXBuildFile; fileRef = 63F60B9427E417EA009357F0 /* EmojiMemoryGameTheme.swift */; };
/* End PBXBuildFile section */

/* Begin PBXFileReference section */
		63F60B7B27E4113F009357F0 /* Memorize-A2.app */ = {isa = PBXFileReference; explicitFileType = wrapper.application; includeInIndex = 0; path = "Memorize-A2.app"; sourceTree = BUILT_PRODUCTS_DIR; };
		63F60B7E27E4113F009357F0 /* Memorize_A2App.swift */ = {isa = PBXFileReference; lastKnownFileType = sourcecode.swift; path = Memorize_A2App.swift; sourceTree = "<group>"; };
		63F60B8027E4113F009357F0 /* EmojiMemoryGameView.swift */ = {isa = PBXFileReference; lastKnownFileType = sourcecode.swift; path = EmojiMemoryGameView.swift; sourceTree = "<group>"; };
		63F60B8227E41140009357F0 /* Assets.xcassets */ = {isa = PBXFileReference; lastKnownFileType = folder.assetcatalog; path = Assets.xcassets; sourceTree = "<group>"; };
		63F60B8527E41140009357F0 /* Preview Assets.xcassets */ = {isa = PBXFileReference; lastKnownFileType = folder.assetcatalog; path = "Preview Assets.xcassets"; sourceTree = "<group>"; };
		63F60B8C27E411CD009357F0 /* AspectVGrid.swift */ = {isa = PBXFileReference; lastKnownFileType = sourcecode.swift; path = AspectVGrid.swift; sourceTree = "<group>"; };
		63F60B8E27E411E0009357F0 /* EmojiMemoryGame.swift */ = {isa = PBXFileReference; lastKnownFileType = sourcecode.swift; path = EmojiMemoryGame.swift; sourceTree = "<group>"; };
		63F60B9027E411F4009357F0 /* MemoryGame.swift */ = {isa = PBXFileReference; lastKnownFileType = sourcecode.swift; path = MemoryGame.swift; sourceTree = "<group>"; };
		63F60B9227E41206009357F0 /* Pie.swift */ = {isa = PBXFileReference; lastKnownFileType = sourcecode.swift; path = Pie.swift; sourceTree = "<group>"; };
		63F60B9427E417EA009357F0 /* EmojiMemoryGameTheme.swift */ = {isa = PBXFileReference; lastKnownFileType = sourcecode.swift; path = EmojiMemoryGameTheme.swift; sourceTree = "<group>"; };
/* End PBXFileReference section */

/* Begin PBXFrameworksBuildPhase section */
		63F60B7827E4113F009357F0 /* Frameworks */ = {
			isa = PBXFrameworksBuildPhase;
			buildActionMask = 2147483647;
			files = (
			);
			runOnlyForDeploymentPostprocessing = 0;
		};
/* End PBXFrameworksBuildPhase section */

/* Begin PBXGroup section */
		63F60B7227E4113F009357F0 = {
			isa = PBXGroup;
			children = (
				63F60B7D27E4113F009357F0 /* Memorize-A2 */,
				63F60B7C27E4113F009357F0 /* Products */,
			);
			sourceTree = "<group>";
		};
		63F60B7C27E4113F009357F0 /* Products */ = {
			isa = PBXGroup;
			children = (
				63F60B7B27E4113F009357F0 /* Memorize-A2.app */,
			);
			name = Products;
			sourceTree = "<group>";
		};
		63F60B7D27E4113F009357F0 /* Memorize-A2 */ = {
			isa = PBXGroup;
			children = (
				63F60B7E27E4113F009357F0 /* Memorize_A2App.swift */,
				63F60B8027E4113F009357F0 /* EmojiMemoryGameView.swift */,
				63F60B8C27E411CD009357F0 /* AspectVGrid.swift */,
				63F60B8E27E411E0009357F0 /* EmojiMemoryGame.swift */,
				63F60B9427E417EA009357F0 /* EmojiMemoryGameTheme.swift */,
				63F60B9027E411F4009357F0 /* MemoryGame.swift */,
				63F60B9227E41206009357F0 /* Pie.swift */,
				63F60B8227E41140009357F0 /* Assets.xcassets */,
				63F60B8427E41140009357F0 /* Preview Content */,
			);
			path = "Memorize-A2";
			sourceTree = "<group>";
		};
		63F60B8427E41140009357F0 /* Preview Content */ = {
			isa = PBXGroup;
			children = (
				63F60B8527E41140009357F0 /* Preview Assets.xcassets */,
			);
			path = "Preview Content";
			sourceTree = "<group>";
		};
/* End PBXGroup section */

/* Begin PBXNativeTarget section */
		63F60B7A27E4113F009357F0 /* Memorize-A2 */ = {
			isa = PBXNativeTarget;
			buildConfigurationList = 63F60B8927E41140009357F0 /* Build configuration list for PBXNativeTarget "Memorize-A2" */;
			buildPhases = (
				63F60B7727E4113F009357F0 /* Sources */,
				63F60B7827E4113F009357F0 /* Frameworks */,
				63F60B7927E4113F009357F0 /* Resources */,
			);
			buildRules = (
			);
			dependencies = (
			);
			name = "Memorize-A2";
			productName = "Memorize-A2";
			productReference = 63F60B7B27E4113F009357F0 /* Memorize-A2.app */;
			productType = "com.apple.product-type.application";
		};
/* End PBXNativeTarget section */

/* Begin PBXProject section */
		63F60B7327E4113F009357F0 /* Project object */ = {
			isa = PBXProject;
			attributes = {
				BuildIndependentTargetsInParallel = 1;
				LastSwiftUpdateCheck = 1320;
				LastUpgradeCheck = 1320;
				TargetAttributes = {
					63F60B7A27E4113F009357F0 = {
						CreatedOnToolsVersion = 13.2.1;
					};
				};
			};
			buildConfigurationList = 63F60B7627E4113F009357F0 /* Build configuration list for PBXProject "Memorize-A2" */;
			compatibilityVersion = "Xcode 13.0";
			developmentRegion = en;
			hasScannedForEncodings = 0;
			knownRegions = (
				en,
				Base,
			);
			mainGroup = 63F60B7227E4113F009357F0;
			productRefGroup = 63F60B7C27E4113F009357F0 /* Products */;
			projectDirPath = "";
			projectRoot = "";
			targets = (
				63F60B7A27E4113F009357F0 /* Memorize-A2 */,
			);
		};
/* End PBXProject section */

/* Begin PBXResourcesBuildPhase section */
		63F60B7927E4113F009357F0 /* Resources */ = {
			isa = PBXResourcesBuildPhase;
			buildActionMask = 2147483647;
			files = (
				63F60B8627E41140009357F0 /* Preview Assets.xcassets in Resources */,
				63F60B8327E41140009357F0 /* Assets.xcassets in Resources */,
			);
			runOnlyForDeploymentPostprocessing = 0;
		};
/* End PBXResourcesBuildPhase section */

/* Begin PBXSourcesBuildPhase section */
		63F60B7727E4113F009357F0 /* Sources */ = {
			isa = PBXSourcesBuildPhase;
			buildActionMask = 2147483647;
			files = (
				63F60B9327E41206009357F0 /* Pie.swift in Sources */,
				63F60B8127E4113F009357F0 /* EmojiMemoryGameView.swift in Sources */,
				63F60B7F27E4113F009357F0 /* Memorize_A2App.swift in Sources */,
				63F60B9127E411F4009357F0 /* MemoryGame.swift in Sources */,
				63F60B9527E417EA009357F0 /* EmojiMemoryGameTheme.swift in Sources */,
				63F60B8D27E411CD009357F0 /* AspectVGrid.swift in Sources */,
				63F60B8F27E411E0009357F0 /* EmojiMemoryGame.swift in Sources */,
			);
			runOnlyForDeploymentPostprocessing = 0;
		};
/* End PBXSourcesBuildPhase section */

/* Begin XCBuildConfiguration section */
		63F60B8727E41140009357F0 /* Debug */ = {
			isa = XCBuildConfiguration;
			buildSettings = {
				ALWAYS_SEARCH_USER_PATHS = NO;
				CLANG_ANALYZER_NONNULL = YES;
				CLANG_ANALYZER_NUMBER_OBJECT_CONVERSION = YES_AGGRESSIVE;
				CLANG_CXX_LANGUAGE_STANDARD = "gnu++17";
				CLANG_CXX_LIBRARY = "libc++";
				CLANG_ENABLE_MODULES = YES;
				CLANG_ENABLE_OBJC_ARC = YES;
				CLANG_ENABLE_OBJC_WEAK = YES;
				CLANG_WARN_BLOCK_CAPTURE_AUTORELEASING = YES;
				CLANG_WARN_BOOL_CONVERSION = YES;
				CLANG_WARN_COMMA = YES;
				CLANG_WARN_CONSTANT_CONVERSION = YES;
				CLANG_WARN_DEPRECATED_OBJC_IMPLEMENTATIONS = YES;
				CLANG_WARN_DIRECT_OBJC_ISA_USAGE = YES_ERROR;
				CLANG_WARN_DOCUMENTATION_COMMENTS = YES;
				CLANG_WARN_EMPTY_BODY = YES;
				CLANG_WARN_ENUM_CONVERSION = YES;
				CLANG_WARN_INFINITE_RECURSION = YES;
				CLANG_WARN_INT_CONVERSION = YES;
				CLANG_WARN_NON_LITERAL_NULL_CONVERSION = YES;
				CLANG_WARN_OBJC_IMPLICIT_RETAIN_SELF = YES;
				CLANG_WARN_OBJC_LITERAL_CONVERSION = YES;
				CLANG_WARN_OBJC_ROOT_CLASS = YES_ERROR;
				CLANG_WARN_QUOTED_INCLUDE_IN_FRAMEWORK_HEADER = YES;
				CLANG_WARN_RANGE_LOOP_ANALYSIS = YES;
				CLANG_WARN_STRICT_PROTOTYPES = YES;
				CLANG_WARN_SUSPICIOUS_MOVE = YES;
				CLANG_WARN_UNGUARDED_AVAILABILITY = YES_AGGRESSIVE;
				CLANG_WARN_UNREACHABLE_CODE = YES;
				CLANG_WARN__DUPLICATE_METHOD_MATCH = YES;
				COPY_PHASE_STRIP = NO;
				DEBUG_INFORMATION_FORMAT = dwarf;
				ENABLE_STRICT_OBJC_MSGSEND = YES;
				ENABLE_TESTABILITY = YES;
				GCC_C_LANGUAGE_STANDARD = gnu11;
				GCC_DYNAMIC_NO_PIC = NO;
				GCC_NO_COMMON_BLOCKS = YES;
				GCC_OPTIMIZATION_LEVEL = 0;
				GCC_PREPROCESSOR_DEFINITIONS = (
					"DEBUG=1",
					"$(inherited)",
				);
				GCC_WARN_64_TO_32_BIT_CONVERSION = YES;
				GCC_WARN_ABOUT_RETURN_TYPE = YES_ERROR;
				GCC_WARN_UNDECLARED_SELECTOR = YES;
				GCC_WARN_UNINITIALIZED_AUTOS = YES_AGGRESSIVE;
				GCC_WARN_UNUSED_FUNCTION = YES;
				GCC_WARN_UNUSED_VARIABLE = YES;
				IPHONEOS_DEPLOYMENT_TARGET = 15.2;
				MTL_ENABLE_DEBUG_INFO = INCLUDE_SOURCE;
				MTL_FAST_MATH = YES;
				ONLY_ACTIVE_ARCH = YES;
				SDKROOT = iphoneos;
				SWIFT_ACTIVE_COMPILATION_CONDITIONS = DEBUG;
				SWIFT_OPTIMIZATION_LEVEL = "-Onone";
			};
			name = Debug;
		};
		63F60B8827E41140009357F0 /* Release */ = {
			isa = XCBuildConfiguration;
			buildSettings = {
				ALWAYS_SEARCH_USER_PATHS = NO;
				CLANG_ANALYZER_NONNULL = YES;
				CLANG_ANALYZER_NUMBER_OBJECT_CONVERSION = YES_AGGRESSIVE;
				CLANG_CXX_LANGUAGE_STANDARD = "gnu++17";
				CLANG_CXX_LIBRARY = "libc++";
				CLANG_ENABLE_MODULES = YES;
				CLANG_ENABLE_OBJC_ARC = YES;
				CLANG_ENABLE_OBJC_WEAK = YES;
				CLANG_WARN_BLOCK_CAPTURE_AUTORELEASING = YES;
				CLANG_WARN_BOOL_CONVERSION = YES;
				CLANG_WARN_COMMA = YES;
				CLANG_WARN_CONSTANT_CONVERSION = YES;
				CLANG_WARN_DEPRECATED_OBJC_IMPLEMENTATIONS = YES;
				CLANG_WARN_DIRECT_OBJC_ISA_USAGE = YES_ERROR;
				CLANG_WARN_DOCUMENTATION_COMMENTS = YES;
				CLANG_WARN_EMPTY_BODY = YES;
				CLANG_WARN_ENUM_CONVERSION = YES;
				CLANG_WARN_INFINITE_RECURSION = YES;
				CLANG_WARN_INT_CONVERSION = YES;
				CLANG_WARN_NON_LITERAL_NULL_CONVERSION = YES;
				CLANG_WARN_OBJC_IMPLICIT_RETAIN_SELF = YES;
				CLANG_WARN_OBJC_LITERAL_CONVERSION = YES;
				CLANG_WARN_OBJC_ROOT_CLASS = YES_ERROR;
				CLANG_WARN_QUOTED_INCLUDE_IN_FRAMEWORK_HEADER = YES;
				CLANG_WARN_RANGE_LOOP_ANALYSIS = YES;
				CLANG_WARN_STRICT_PROTOTYPES = YES;
				CLANG_WARN_SUSPICIOUS_MOVE = YES;
				CLANG_WARN_UNGUARDED_AVAILABILITY = YES_AGGRESSIVE;
				CLANG_WARN_UNREACHABLE_CODE = YES;
				CLANG_WARN__DUPLICATE_METHOD_MATCH = YES;
				COPY_PHASE_STRIP = NO;
				DEBUG_INFORMATION_FORMAT = "dwarf-with-dsym";
				ENABLE_NS_ASSERTIONS = NO;
				ENABLE_STRICT_OBJC_MSGSEND = YES;
				GCC_C_LANGUAGE_STANDARD = gnu11;
				GCC_NO_COMMON_BLOCKS = YES;
				GCC_WARN_64_TO_32_BIT_CONVERSION = YES;
				GCC_WARN_ABOUT_RETURN_TYPE = YES_ERROR;
				GCC_WARN_UNDECLARED_SELECTOR = YES;
				GCC_WARN_UNINITIALIZED_AUTOS = YES_AGGRESSIVE;
				GCC_WARN_UNUSED_FUNCTION = YES;
				GCC_WARN_UNUSED_VARIABLE = YES;
				IPHONEOS_DEPLOYMENT_TARGET = 15.2;
				MTL_ENABLE_DEBUG_INFO = NO;
				MTL_FAST_MATH = YES;
				SDKROOT = iphoneos;
				SWIFT_COMPILATION_MODE = wholemodule;
				SWIFT_OPTIMIZATION_LEVEL = "-O";
				VALIDATE_PRODUCT = YES;
			};
			name = Release;
		};
		63F60B8A27E41140009357F0 /* Debug */ = {
			isa = XCBuildConfiguration;
			buildSettings = {
				ASSETCATALOG_COMPILER_APPICON_NAME = AppIcon;
				ASSETCATALOG_COMPILER_GLOBAL_ACCENT_COLOR_NAME = AccentColor;
				CODE_SIGN_STYLE = Automatic;
				CURRENT_PROJECT_VERSION = 1;
				DEVELOPMENT_ASSET_PATHS = "\"Memorize-A2/Preview Content\"";
				ENABLE_PREVIEWS = YES;
				GENERATE_INFOPLIST_FILE = YES;
				INFOPLIST_KEY_UIApplicationSceneManifest_Generation = YES;
				INFOPLIST_KEY_UIApplicationSupportsIndirectInputEvents = YES;
				INFOPLIST_KEY_UILaunchScreen_Generation = YES;
				INFOPLIST_KEY_UISupportedInterfaceOrientations_iPad = "UIInterfaceOrientationPortrait UIInterfaceOrientationPortraitUpsideDown UIInterfaceOrientationLandscapeLeft UIInterfaceOrientationLandscapeRight";
				INFOPLIST_KEY_UISupportedInterfaceOrientations_iPhone = "UIInterfaceOrientationPortrait UIInterfaceOrientationLandscapeLeft UIInterfaceOrientationLandscapeRight";
				LD_RUNPATH_SEARCH_PATHS = (
					"$(inherited)",
					"@executable_path/Frameworks",
				);
				MARKETING_VERSION = 1.0;
				PRODUCT_BUNDLE_IDENTIFIER = "suu.cs4300.jakerhoads.Memorize-A2";
				PRODUCT_NAME = "$(TARGET_NAME)";
				SWIFT_EMIT_LOC_STRINGS = YES;
				SWIFT_VERSION = 5.0;
				TARGETED_DEVICE_FAMILY = "1,2";
			};
			name = Debug;
		};
		63F60B8B27E41140009357F0 /* Release */ = {
			isa = XCBuildConfiguration;
			buildSettings = {
				ASSETCATALOG_COMPILER_APPICON_NAME = AppIcon;
				ASSETCATALOG_COMPILER_GLOBAL_ACCENT_COLOR_NAME = AccentColor;
				CODE_SIGN_STYLE = Automatic;
				CURRENT_PROJECT_VERSION = 1;
				DEVELOPMENT_ASSET_PATHS = "\"Memorize-A2/Preview Content\"";
				ENABLE_PREVIEWS = YES;
				GENERATE_INFOPLIST_FILE = YES;
				INFOPLIST_KEY_UIApplicationSceneManifest_Generation = YES;
				INFOPLIST_KEY_UIApplicationSupportsIndirectInputEvents = YES;
				INFOPLIST_KEY_UILaunchScreen_Generation = YES;
				INFOPLIST_KEY_UISupportedInterfaceOrientations_iPad = "UIInterfaceOrientationPortrait UIInterfaceOrientationPortraitUpsideDown UIInterfaceOrientationLandscapeLeft UIInterfaceOrientationLandscapeRight";
				INFOPLIST_KEY_UISupportedInterfaceOrientations_iPhone = "UIInterfaceOrientationPortrait UIInterfaceOrientationLandscapeLeft UIInterfaceOrientationLandscapeRight";
				LD_RUNPATH_SEARCH_PATHS = (
					"$(inherited)",
					"@executable_path/Frameworks",
				);
				MARKETING_VERSION = 1.0;
				PRODUCT_BUNDLE_IDENTIFIER = "suu.cs4300.jakerhoads.Memorize-A2";
				PRODUCT_NAME = "$(TARGET_NAME)";
				SWIFT_EMIT_LOC_STRINGS = YES;
				SWIFT_VERSION = 5.0;
				TARGETED_DEVICE_FAMILY = "1,2";
			};
			name = Release;
		};
/* End XCBuildConfiguration section */

/* Begin XCConfigurationList section */
		63F60B7627E4113F009357F0 /* Build configuration list for PBXProject "Memorize-A2" */ = {
			isa = XCConfigurationList;
			buildConfigurations = (
				63F60B8727E41140009357F0 /* Debug */,
				63F60B8827E41140009357F0 /* Release */,
			);
			defaultConfigurationIsVisible = 0;
			defaultConfigurationName = Release;
		};
		63F60B8927E41140009357F0 /* Build configuration list for PBXNativeTarget "Memorize-A2" */ = {
			isa = XCConfigurationList;
			buildConfigurations = (
				63F60B8A27E41140009357F0 /* Debug */,
				63F60B8B27E41140009357F0 /* Release */,
			);
			defaultConfigurationIsVisible = 0;
			defaultConfigurationName = Release;
		};
/* End XCConfigurationList section */
	};
	rootObject = 63F60B7327E4113F009357F0 /* Project object */;
}
